{
  "name": "homepage",
  "version": "1.0.0",
  "lockfileVersion": 1,
  "requires": true,
  "dependencies": {
    "cow": {
      "version": "0.2.3",
      "resolved": "https://registry.npmjs.org/cow/-/cow-0.2.3.tgz",
      "integrity": "sha512-EGFq/w1rf1NnacYmjhEHQ0w7ySaXz+Kk7SRvQt+Qj6YhgW3M11HbJ4HNIMa+H2rvsZdEj6LT9SoMYl5azAFIcg==",
      "requires": {
        "harmony-proxy": "~ 0.0.2"
      }
    },
    "harmony-proxy": {
      "version": "0.0.2",
      "resolved": "https://registry.npmjs.org/harmony-proxy/-/harmony-proxy-0.0.2.tgz",
      "integrity": "sha1-yA7NV0Hp0H0XAmE5DqOxMK1mbTU="
    }
  }
}
